<?xml version="1.0" encoding="utf-8"?>
<Project ToolsVersion="4.0" xmlns="http://schemas.microsoft.com/developer/msbuild/2003">
  <ItemGroup>
    <Filter Include="Source Files">
      <UniqueIdentifier>{4FC737F1-C7A5-4376-A066-2A32D752A2FF}</UniqueIdentifier>
      <Extensions>cpp;c;cc;cxx;def;odl;idl;hpj;bat;asm;asmx</Extensions>
    </Filter>
    <Filter Include="Header Files">
      <UniqueIdentifier>{93995380-89BD-4b04-88EB-625FBE52EBFB}</UniqueIdentifier>
      <Extensions>h;hpp;hxx;hm;inl;inc;xsd</Extensions>
    </Filter>
    <Filter Include="Resource Files">
      <UniqueIdentifier>{67DA6AB6-F800-4c08-8B7A-83BB121AAD01}</UniqueIdentifier>
      <Extensions>rc;ico;cur;bmp;dlg;rc2;rct;bin;rgs;gif;jpg;jpeg;jpe;resx;tiff;tif;png;wav</Extensions>
    </Filter>
    <Filter Include="My Inspector Results">
      <UniqueIdentifier>{e4388bc0-40af-4567-8088-829a326c71a3}</UniqueIdentifier>
    </Filter>
  </ItemGroup>
  <ItemGroup>
    <ClCompile Include="AssemblyInfo.cpp">
      <Filter>Source Files</Filter>
    </ClCompile>
    <ClCompile Include="m_image.cpp">
      <Filter>Source Files</Filter>
    </ClCompile>
    <ClCompile Include="m_sample.cpp">
      <Filter>Source Files</Filter>
    </ClCompile>
    <ClCompile Include="m_settings.cpp">
      <Filter>Source Files</Filter>
    </ClCompile>
    <ClCompile Include="n_common_func.cpp">
      <Filter>Source Files</Filter>
    </ClCompile>
    <ClCompile Include="n_data.cpp">
      <Filter>Source Files</Filter>
    </ClCompile>
    <ClCompile Include="n_image.cpp">
      <Filter>Source Files</Filter>
    </ClCompile>
    <ClCompile Include="n_mag_class.cpp">
      <Filter>Source Files</Filter>
    </ClCompile>
    <ClCompile Include="n_premethod_stuct.cpp">
      <Filter>Source Files</Filter>
    </ClCompile>
    <ClCompile Include="n_probe.cpp">
      <Filter>Source Files</Filter>
    </ClCompile>
    <ClCompile Include="n_reader.cpp">
      <Filter>Source Files</Filter>
    </ClCompile>
    <ClCompile Include="n_txtwriter.cpp">
      <Filter>Source Files</Filter>
    </ClCompile>
    <ClCompile Include="n_types.cpp">
      <Filter>Source Files</Filter>
    </ClCompile>
    <ClCompile Include="n_vfft.cpp">
      <Filter>Source Files</Filter>
    </ClCompile>
    <ClCompile Include="semargl3.cpp">
      <Filter>Source Files</Filter>
    </ClCompile>
  </ItemGroup>
  <ItemGroup>
    <ClInclude Include="Form1.h">
      <Filter>Header Files</Filter>
    </ClInclude>
    <ClInclude Include="m_image.h">
      <Filter>Header Files</Filter>
    </ClInclude>
    <ClInclude Include="m_sample.h">
      <Filter>Header Files</Filter>
    </ClInclude>
    <ClInclude Include="m_settings.h">
      <Filter>Header Files</Filter>
    </ClInclude>
    <ClInclude Include="n_common_func.h">
      <Filter>Header Files</Filter>
    </ClInclude>
    <ClInclude Include="n_data.h">
      <Filter>Header Files</Filter>
    </ClInclude>
    <ClInclude Include="n_image.h">
      <Filter>Header Files</Filter>
    </ClInclude>
    <ClInclude Include="n_mag_class.h">
      <Filter>Header Files</Filter>
    </ClInclude>
    <ClInclude Include="n_premethod_stuct.h">
      <Filter>Header Files</Filter>
    </ClInclude>
    <ClInclude Include="n_probe.h">
      <Filter>Header Files</Filter>
    </ClInclude>
    <ClInclude Include="n_reader.h">
      <Filter>Header Files</Filter>
    </ClInclude>
    <ClInclude Include="n_txtwriter.h">
      <Filter>Header Files</Filter>
    </ClInclude>
    <ClInclude Include="n_types.h">
      <Filter>Header Files</Filter>
    </ClInclude>
    <ClInclude Include="n_vfft.h">
      <Filter>Header Files</Filter>
    </ClInclude>
    <ClInclude Include="resource.h">
      <Filter>Header Files</Filter>
    </ClInclude>
  </ItemGroup>
  <ItemGroup>
    <None Include="app.ico">
      <Filter>Resource Files</Filter>
    </None>
    <None Include="ReadMe.txt" />
    <None Include="MTMFicon.ico">
      <Filter>Resource Files</Filter>
    </None>
    <None Include="ClassDiagram1.cd" />
  </ItemGroup>
  <ItemGroup>
    <ResourceCompile Include="app.rc">
      <Filter>Resource Files</Filter>
    </ResourceCompile>
  </ItemGroup>
  <ItemGroup>
    <EmbeddedResource Include="Form1.resX">
      <Filter>Resource Files</Filter>
    </EmbeddedResource>
  </ItemGroup>
</Project>